
Microsoft Visual Studio Solution File, Format Version 12.00
# Visual Studio Version 17
VisualStudioVersion = 17.11.35208.52
MinimumVisualStudioVersion = 10.0.40219.1
Project("{8BC9CEB8-8B4A-11D0-8D11-00A0C91BC942}") = "Project1", "Project1\Project1.vcxproj", "{895D6E0B-A0AB-4094-841D-3DEE01D1C8F5}"
EndProject
Global
	GlobalSection(SolutionConfigurationPlatforms) = preSolution
		Debug|x64 = Debug|x64
		Debug|x86 = Debug|x86
		Release|x64 = Release|x64
		Release|x86 = Release|x86
	EndGlobalSection
	GlobalSection(ProjectConfigurationPlatforms) = postSolution
		{895D6E0B-A0AB-4094-841D-3DEE01D1C8F5}.Debug|x64.ActiveCfg = Debug|x64
		{895D6E0B-A0AB-4094-841D-3DEE01D1C8F5}.Debug|x64.Build.0 = Debug|x64
		{895D6E0B-A0AB-4094-841D-3DEE01D1C8F5}.Debug|x86.ActiveCfg = Debug|Win32
		{895D6E0B-A0AB-4094-841D-3DEE01D1C8F5}.Debug|x86.Build.0 = Debug|Win32
		{895D6E0B-A0AB-4094-841D-3DEE01D1C8F5}.Release|x64.ActiveCfg = Release|x64
		{895D6E0B-A0AB-4094-841D-3DEE01D1C8F5}.Release|x64.Build.0 = Release|x64
		{895D6E0B-A0AB-4094-841D-3DEE01D1C8F5}.Release|x86.ActiveCfg = Release|Win32
		{895D6E0B-A0AB-4094-841D-3DEE01D1C8F5}.Release|x86.Build.0 = Release|Win32
	EndGlobalSection
	GlobalSection(SolutionProperties) = preSolution
		HideSolutionNode = FALSE
	EndGlobalSection
	GlobalSection(ExtensibilityGlobals) = postSolution
		SolutionGuid = {AF79119B-1745-4035-A756-865EA06BD73A}
	EndGlobalSection
EndGlobal
